
Microsoft Visual Studio Solution File, Format Version 12.00
# Visual Studio Version 17
VisualStudioVersion = 17.4.33213.308
MinimumVisualStudioVersion = 10.0.40219.1
Project("{9A19103F-16F7-4668-BE54-9A1E7A4F7556}") = "Googler", "Googler\Googler.csproj", "{B1255F4D-F471-49FB-9C69-C04187819FC1}"
EndProject
Project("{FAE04EC0-301F-11D3-BF4B-00C04F79EFBC}") = "GooglerTests", "GooglerTests\GooglerTests.csproj", "{E4F98320-0AE9-49D0-B851-34DA9EC0DC79}"
EndProject
Global
	GlobalSection(SolutionConfigurationPlatforms) = preSolution
		Debug|Any CPU = Debug|Any CPU
		Release|Any CPU = Release|Any CPU
	EndGlobalSection
	GlobalSection(ProjectConfigurationPlatforms) = postSolution
		{B1255F4D-F471-49FB-9C69-C04187819FC1}.Debug|Any CPU.ActiveCfg = Debug|Any CPU
		{B1255F4D-F471-49FB-9C69-C04187819FC1}.Debug|Any CPU.Build.0 = Debug|Any CPU
		{B1255F4D-F471-49FB-9C69-C04187819FC1}.Release|Any CPU.ActiveCfg = Release|Any CPU
		{B1255F4D-F471-49FB-9C69-C04187819FC1}.Release|Any CPU.Build.0 = Release|Any CPU
		{E4F98320-0AE9-49D0-B851-34DA9EC0DC79}.Debug|Any CPU.ActiveCfg = Debug|Any CPU
		{E4F98320-0AE9-49D0-B851-34DA9EC0DC79}.Debug|Any CPU.Build.0 = Debug|Any CPU
		{E4F98320-0AE9-49D0-B851-34DA9EC0DC79}.Release|Any CPU.ActiveCfg = Release|Any CPU
		{E4F98320-0AE9-49D0-B851-34DA9EC0DC79}.Release|Any CPU.Build.0 = Release|Any CPU
	EndGlobalSection
	GlobalSection(SolutionProperties) = preSolution
		HideSolutionNode = FALSE
	EndGlobalSection
	GlobalSection(ExtensibilityGlobals) = postSolution
		SolutionGuid = {429B59FF-7D62-4798-A6C3-0B8EF5C51467}
	EndGlobalSection
EndGlobal
